
Microsoft Visual Studio Solution File, Format Version 12.00
# Visual Studio 15
VisualStudioVersion = 15.0.28307.271
MinimumVisualStudioVersion = 10.0.40219.1
Project("{FAE04EC0-301F-11D3-BF4B-00C04F79EFBC}") = "Task 4", "Task4\Task 4.csproj", "{4E31A594-355D-402F-9779-A82426EEB218}"
EndProject
Project("{FAE04EC0-301F-11D3-BF4B-00C04F79EFBC}") = "Task 1", "Task 1\Task 1.csproj", "{B40A3494-0B29-4791-BD76-2C0FFFEF5914}"
EndProject
Project("{FAE04EC0-301F-11D3-BF4B-00C04F79EFBC}") = "Task 3", "Task 3\Task 3.csproj", "{84BCE3BC-5F1B-4E9B-808E-B93F71A90A87}"
EndProject
Project("{FAE04EC0-301F-11D3-BF4B-00C04F79EFBC}") = "Task 2", "Task 2\Task 2.csproj", "{9D786621-16E1-4BF0-A32A-1D9C47385A56}"
EndProject
Project("{FAE04EC0-301F-11D3-BF4B-00C04F79EFBC}") = "TAAASK 4", "TAAASK 4\TAAASK 4.csproj", "{76ACB613-F9CE-4FA8-896D-C4BAFDFDDF54}"
EndProject
Global
	GlobalSection(SolutionConfigurationPlatforms) = preSolution
		Debug|Any CPU = Debug|Any CPU
		Debug|ARM = Debug|ARM
		Debug|ARM64 = Debug|ARM64
		Debug|x64 = Debug|x64
		Debug|x86 = Debug|x86
		Release|Any CPU = Release|Any CPU
		Release|ARM = Release|ARM
		Release|ARM64 = Release|ARM64
		Release|x64 = Release|x64
		Release|x86 = Release|x86
	EndGlobalSection
	GlobalSection(ProjectConfigurationPlatforms) = postSolution
		{4E31A594-355D-402F-9779-A82426EEB218}.Debug|Any CPU.ActiveCfg = Debug|Any CPU
		{4E31A594-355D-402F-9779-A82426EEB218}.Debug|Any CPU.Build.0 = Debug|Any CPU
		{4E31A594-355D-402F-9779-A82426EEB218}.Debug|ARM.ActiveCfg = Debug|Any CPU
		{4E31A594-355D-402F-9779-A82426EEB218}.Debug|ARM.Build.0 = Debug|Any CPU
		{4E31A594-355D-402F-9779-A82426EEB218}.Debug|ARM64.ActiveCfg = Debug|Any CPU
		{4E31A594-355D-402F-9779-A82426EEB218}.Debug|ARM64.Build.0 = Debug|Any CPU
		{4E31A594-355D-402F-9779-A82426EEB218}.Debug|x64.ActiveCfg = Debug|Any CPU
		{4E31A594-355D-402F-9779-A82426EEB218}.Debug|x64.Build.0 = Debug|Any CPU
		{4E31A594-355D-402F-9779-A82426EEB218}.Debug|x86.ActiveCfg = Debug|Any CPU
		{4E31A594-355D-402F-9779-A82426EEB218}.Debug|x86.Build.0 = Debug|Any CPU
		{4E31A594-355D-402F-9779-A82426EEB218}.Release|Any CPU.ActiveCfg = Release|Any CPU
		{4E31A594-355D-402F-9779-A82426EEB218}.Release|Any CPU.Build.0 = Release|Any CPU
		{4E31A594-355D-402F-9779-A82426EEB218}.Release|ARM.ActiveCfg = Release|Any CPU
		{4E31A594-355D-402F-9779-A82426EEB218}.Release|ARM.Build.0 = Release|Any CPU
		{4E31A594-355D-402F-9779-A82426EEB218}.Release|ARM64.ActiveCfg = Release|Any CPU
		{4E31A594-355D-402F-9779-A82426EEB218}.Release|ARM64.Build.0 = Release|Any CPU
		{4E31A594-355D-402F-9779-A82426EEB218}.Release|x64.ActiveCfg = Release|Any CPU
		{4E31A594-355D-402F-9779-A82426EEB218}.Release|x64.Build.0 = Release|Any CPU
		{4E31A594-355D-402F-9779-A82426EEB218}.Release|x86.ActiveCfg = Release|Any CPU
		{4E31A594-355D-402F-9779-A82426EEB218}.Release|x86.Build.0 = Release|Any CPU
		{B40A3494-0B29-4791-BD76-2C0FFFEF5914}.Debug|Any CPU.ActiveCfg = Debug|Any CPU
		{B40A3494-0B29-4791-BD76-2C0FFFEF5914}.Debug|Any CPU.Build.0 = Debug|Any CPU
		{B40A3494-0B29-4791-BD76-2C0FFFEF5914}.Debug|ARM.ActiveCfg = Debug|Any CPU
		{B40A3494-0B29-4791-BD76-2C0FFFEF5914}.Debug|ARM.Build.0 = Debug|Any CPU
		{B40A3494-0B29-4791-BD76-2C0FFFEF5914}.Debug|ARM64.ActiveCfg = Debug|Any CPU
		{B40A3494-0B29-4791-BD76-2C0FFFEF5914}.Debug|ARM64.Build.0 = Debug|Any CPU
		{B40A3494-0B29-4791-BD76-2C0FFFEF5914}.Debug|x64.ActiveCfg = Debug|Any CPU
		{B40A3494-0B29-4791-BD76-2C0FFFEF5914}.Debug|x64.Build.0 = Debug|Any CPU
		{B40A3494-0B29-4791-BD76-2C0FFFEF5914}.Debug|x86.ActiveCfg = Debug|Any CPU
		{B40A3494-0B29-4791-BD76-2C0FFFEF5914}.Debug|x86.Build.0 = Debug|Any CPU
		{B40A3494-0B29-4791-BD76-2C0FFFEF5914}.Release|Any CPU.ActiveCfg = Release|Any CPU
		{B40A3494-0B29-4791-BD76-2C0FFFEF5914}.Release|Any CPU.Build.0 = Release|Any CPU
		{B40A3494-0B29-4791-BD76-2C0FFFEF5914}.Release|ARM.ActiveCfg = Release|Any CPU
		{B40A3494-0B29-4791-BD76-2C0FFFEF5914}.Release|ARM.Build.0 = Release|Any CPU
		{B40A3494-0B29-4791-BD76-2C0FFFEF5914}.Release|ARM64.ActiveCfg = Release|Any CPU
		{B40A3494-0B29-4791-BD76-2C0FFFEF5914}.Release|ARM64.Build.0 = Release|Any CPU
		{B40A3494-0B29-4791-BD76-2C0FFFEF5914}.Release|x64.ActiveCfg = Release|Any CPU
		{B40A3494-0B29-4791-BD76-2C0FFFEF5914}.Release|x64.Build.0 = Release|Any CPU
		{B40A3494-0B29-4791-BD76-2C0FFFEF5914}.Release|x86.ActiveCfg = Release|Any CPU
		{B40A3494-0B29-4791-BD76-2C0FFFEF5914}.Release|x86.Build.0 = Release|Any CPU
		{84BCE3BC-5F1B-4E9B-808E-B93F71A90A87}.Debug|Any CPU.ActiveCfg = Debug|Any CPU
		{84BCE3BC-5F1B-4E9B-808E-B93F71A90A87}.Debug|Any CPU.Build.0 = Debug|Any CPU
		{84BCE3BC-5F1B-4E9B-808E-B93F71A90A87}.Debug|ARM.ActiveCfg = Debug|Any CPU
		{84BCE3BC-5F1B-4E9B-808E-B93F71A90A87}.Debug|ARM.Build.0 = Debug|Any CPU
		{84BCE3BC-5F1B-4E9B-808E-B93F71A90A87}.Debug|ARM64.ActiveCfg = Debug|Any CPU
		{84BCE3BC-5F1B-4E9B-808E-B93F71A90A87}.Debug|ARM64.Build.0 = Debug|Any CPU
		{84BCE3BC-5F1B-4E9B-808E-B93F71A90A87}.Debug|x64.ActiveCfg = Debug|Any CPU
		{84BCE3BC-5F1B-4E9B-808E-B93F71A90A87}.Debug|x64.Build.0 = Debug|Any CPU
		{84BCE3BC-5F1B-4E9B-808E-B93F71A90A87}.Debug|x86.ActiveCfg = Debug|Any CPU
		{84BCE3BC-5F1B-4E9B-808E-B93F71A90A87}.Debug|x86.Build.0 = Debug|Any CPU
		{84BCE3BC-5F1B-4E9B-808E-B93F71A90A87}.Release|Any CPU.ActiveCfg = Release|Any CPU
		{84BCE3BC-5F1B-4E9B-808E-B93F71A90A87}.Release|Any CPU.Build.0 = Release|Any CPU
		{84BCE3BC-5F1B-4E9B-808E-B93F71A90A87}.Release|ARM.ActiveCfg = Release|Any CPU
		{84BCE3BC-5F1B-4E9B-808E-B93F71A90A87}.Release|ARM.Build.0 = Release|Any CPU
		{84BCE3BC-5F1B-4E9B-808E-B93F71A90A87}.Release|ARM64.ActiveCfg = Release|Any CPU
		{84BCE3BC-5F1B-4E9B-808E-B93F71A90A87}.Release|ARM64.Build.0 = Release|Any CPU
		{84BCE3BC-5F1B-4E9B-808E-B93F71A90A87}.Release|x64.ActiveCfg = Release|Any CPU
		{84BCE3BC-5F1B-4E9B-808E-B93F71A90A87}.Release|x64.Build.0 = Release|Any CPU
		{84BCE3BC-5F1B-4E9B-808E-B93F71A90A87}.Release|x86.ActiveCfg = Release|Any CPU
		{84BCE3BC-5F1B-4E9B-808E-B93F71A90A87}.Release|x86.Build.0 = Release|Any CPU
		{9D786621-16E1-4BF0-A32A-1D9C47385A56}.Debug|Any CPU.ActiveCfg = Debug|Any CPU
		{9D786621-16E1-4BF0-A32A-1D9C47385A56}.Debug|Any CPU.Build.0 = Debug|Any CPU
		{9D786621-16E1-4BF0-A32A-1D9C47385A56}.Debug|ARM.ActiveCfg = Debug|Any CPU
		{9D786621-16E1-4BF0-A32A-1D9C47385A56}.Debug|ARM.Build.0 = Debug|Any CPU
		{9D786621-16E1-4BF0-A32A-1D9C47385A56}.Debug|ARM64.ActiveCfg = Debug|Any CPU
		{9D786621-16E1-4BF0-A32A-1D9C47385A56}.Debug|ARM64.Build.0 = Debug|Any CPU
		{9D786621-16E1-4BF0-A32A-1D9C47385A56}.Debug|x64.ActiveCfg = Debug|Any CPU
		{9D786621-16E1-4BF0-A32A-1D9C47385A56}.Debug|x64.Build.0 = Debug|Any CPU
		{9D786621-16E1-4BF0-A32A-1D9C47385A56}.Debug|x86.ActiveCfg = Debug|Any CPU
		{9D786621-16E1-4BF0-A32A-1D9C47385A56}.Debug|x86.Build.0 = Debug|Any CPU
		{9D786621-16E1-4BF0-A32A-1D9C47385A56}.Release|Any CPU.ActiveCfg = Release|Any CPU
		{9D786621-16E1-4BF0-A32A-1D9C47385A56}.Release|Any CPU.Build.0 = Release|Any CPU
		{9D786621-16E1-4BF0-A32A-1D9C47385A56}.Release|ARM.ActiveCfg = Release|Any CPU
		{9D786621-16E1-4BF0-A32A-1D9C47385A56}.Release|ARM.Build.0 = Release|Any CPU
		{9D786621-16E1-4BF0-A32A-1D9C47385A56}.Release|ARM64.ActiveCfg = Release|Any CPU
		{9D786621-16E1-4BF0-A32A-1D9C47385A56}.Release|ARM64.Build.0 = Release|Any CPU
		{9D786621-16E1-4BF0-A32A-1D9C47385A56}.Release|x64.ActiveCfg = Release|Any CPU
		{9D786621-16E1-4BF0-A32A-1D9C47385A56}.Release|x64.Build.0 = Release|Any CPU
		{9D786621-16E1-4BF0-A32A-1D9C47385A56}.Release|x86.ActiveCfg = Release|Any CPU
		{9D786621-16E1-4BF0-A32A-1D9C47385A56}.Release|x86.Build.0 = Release|Any CPU
		{76ACB613-F9CE-4FA8-896D-C4BAFDFDDF54}.Debug|Any CPU.ActiveCfg = Debug|Any CPU
		{76ACB613-F9CE-4FA8-896D-C4BAFDFDDF54}.Debug|Any CPU.Build.0 = Debug|Any CPU
		{76ACB613-F9CE-4FA8-896D-C4BAFDFDDF54}.Debug|ARM.ActiveCfg = Debug|Any CPU
		{76ACB613-F9CE-4FA8-896D-C4BAFDFDDF54}.Debug|ARM.Build.0 = Debug|Any CPU
		{76ACB613-F9CE-4FA8-896D-C4BAFDFDDF54}.Debug|ARM64.ActiveCfg = Debug|Any CPU
		{76ACB613-F9CE-4FA8-896D-C4BAFDFDDF54}.Debug|ARM64.Build.0 = Debug|Any CPU
		{76ACB613-F9CE-4FA8-896D-C4BAFDFDDF54}.Debug|x64.ActiveCfg = Debug|Any CPU
		{76ACB613-F9CE-4FA8-896D-C4BAFDFDDF54}.Debug|x64.Build.0 = Debug|Any CPU
		{76ACB613-F9CE-4FA8-896D-C4BAFDFDDF54}.Debug|x86.ActiveCfg = Debug|Any CPU
		{76ACB613-F9CE-4FA8-896D-C4BAFDFDDF54}.Debug|x86.Build.0 = Debug|Any CPU
		{76ACB613-F9CE-4FA8-896D-C4BAFDFDDF54}.Release|Any CPU.ActiveCfg = Release|Any CPU
		{76ACB613-F9CE-4FA8-896D-C4BAFDFDDF54}.Release|Any CPU.Build.0 = Release|Any CPU
		{76ACB613-F9CE-4FA8-896D-C4BAFDFDDF54}.Release|ARM.ActiveCfg = Release|Any CPU
		{76ACB613-F9CE-4FA8-896D-C4BAFDFDDF54}.Release|ARM.Build.0 = Release|Any CPU
		{76ACB613-F9CE-4FA8-896D-C4BAFDFDDF54}.Release|ARM64.ActiveCfg = Release|Any CPU
		{76ACB613-F9CE-4FA8-896D-C4BAFDFDDF54}.Release|ARM64.Build.0 = Release|Any CPU
		{76ACB613-F9CE-4FA8-896D-C4BAFDFDDF54}.Release|x64.ActiveCfg = Release|Any CPU
		{76ACB613-F9CE-4FA8-896D-C4BAFDFDDF54}.Release|x64.Build.0 = Release|Any CPU
		{76ACB613-F9CE-4FA8-896D-C4BAFDFDDF54}.Release|x86.ActiveCfg = Release|Any CPU
		{76ACB613-F9CE-4FA8-896D-C4BAFDFDDF54}.Release|x86.Build.0 = Release|Any CPU
	EndGlobalSection
	GlobalSection(SolutionProperties) = preSolution
		HideSolutionNode = FALSE
	EndGlobalSection
	GlobalSection(ExtensibilityGlobals) = postSolution
		SolutionGuid = {4CC36E44-3BCE-414F-9A88-5515E9A0C56B}
	EndGlobalSection
EndGlobal
